// !$*UTF8*$!
{
	archiveVersion = 1;
	classes = {
	};
	objectVersion = 50;
	objects = {

/* Begin PBXBuildFile section */
		7F7A73C9275F5DAE00E153FC /* AppDelegate.swift in Sources */ = {isa = PBXBuildFile; fileRef = 7F7A73C8275F5DAE00E153FC /* AppDelegate.swift */; };
		7F7A73CB275F5DAE00E153FC /* SceneDelegate.swift in Sources */ = {isa = PBXBuildFile; fileRef = 7F7A73CA275F5DAE00E153FC /* SceneDelegate.swift */; };
		7F7A73D2275F5DB000E153FC /* Assets.xcassets in Resources */ = {isa = PBXBuildFile; fileRef = 7F7A73D1275F5DB000E153FC /* Assets.xcassets */; };
		7F7A73D5275F5DB000E153FC /* LaunchScreen.storyboard in Resources */ = {isa = PBXBuildFile; fileRef = 7F7A73D3275F5DB000E153FC /* LaunchScreen.storyboard */; };
		7F7A73E0275F5DB000E153FC /* itunesAppTests.swift in Sources */ = {isa = PBXBuildFile; fileRef = 7F7A73DF275F5DB000E153FC /* itunesAppTests.swift */; };
		7F7A73EB275F5DB000E153FC /* itunesAppUITests.swift in Sources */ = {isa = PBXBuildFile; fileRef = 7F7A73EA275F5DB000E153FC /* itunesAppUITests.swift */; };
		7F7A73FB275F5E5D00E153FC /* Coordinator.swift in Sources */ = {isa = PBXBuildFile; fileRef = 7F7A73FA275F5E5D00E153FC /* Coordinator.swift */; };
		7F7A73FE275F5E8300E153FC /* DependenciesKey.swift in Sources */ = {isa = PBXBuildFile; fileRef = 7F7A73FD275F5E8300E153FC /* DependenciesKey.swift */; };
		7F7A7400275F5EA800E153FC /* DependenciesContainer.swift in Sources */ = {isa = PBXBuildFile; fileRef = 7F7A73FF275F5EA800E153FC /* DependenciesContainer.swift */; };
		7F7A7407275F5F4600E153FC /* HomeInteractor.swift in Sources */ = {isa = PBXBuildFile; fileRef = 7F7A7406275F5F4600E153FC /* HomeInteractor.swift */; };
		7F7A7409275F5F6500E153FC /* HomePresenter.swift in Sources */ = {isa = PBXBuildFile; fileRef = 7F7A7408275F5F6500E153FC /* HomePresenter.swift */; };
		7F7A740B275F5F9500E153FC /* HomeCoordinator.swift in Sources */ = {isa = PBXBuildFile; fileRef = 7F7A740A275F5F9500E153FC /* HomeCoordinator.swift */; };
		7F7A740E275F600300E153FC /* HomeViewController.swift in Sources */ = {isa = PBXBuildFile; fileRef = 7F7A740C275F600300E153FC /* HomeViewController.swift */; };
		7F7A740F275F600300E153FC /* HomeViewController.xib in Resources */ = {isa = PBXBuildFile; fileRef = 7F7A740D275F600300E153FC /* HomeViewController.xib */; };
		7F7A7413275F73A500E153FC /* AuthorCell.swift in Sources */ = {isa = PBXBuildFile; fileRef = 7F7A7411275F73A500E153FC /* AuthorCell.swift */; };
		7F7A7414275F73A500E153FC /* AuthorCell.xib in Resources */ = {isa = PBXBuildFile; fileRef = 7F7A7412275F73A500E153FC /* AuthorCell.xib */; };
		7F7A7417275F752E00E153FC /* ItunesAuthorViewModel.swift in Sources */ = {isa = PBXBuildFile; fileRef = 7F7A7416275F752E00E153FC /* ItunesAuthorViewModel.swift */; };
		7F7A741D275F87FB00E153FC /* BaseCoordinator.swift in Sources */ = {isa = PBXBuildFile; fileRef = 7F7A741C275F87FB00E153FC /* BaseCoordinator.swift */; };
		7F7A741F275F881A00E153FC /* BasePresenter.swift in Sources */ = {isa = PBXBuildFile; fileRef = 7F7A741E275F881A00E153FC /* BasePresenter.swift */; };
		7F7A7422275F884100E153FC /* BaseViewController.swift in Sources */ = {isa = PBXBuildFile; fileRef = 7F7A7420275F884100E153FC /* BaseViewController.swift */; };
		7F7A7423275F884100E153FC /* BaseViewController.xib in Resources */ = {isa = PBXBuildFile; fileRef = 7F7A7421275F884100E153FC /* BaseViewController.xib */; };
/* End PBXBuildFile section */

/* Begin PBXContainerItemProxy section */
		7F7A73DC275F5DB000E153FC /* PBXContainerItemProxy */ = {
			isa = PBXContainerItemProxy;
			containerPortal = 7F7A73BD275F5DAE00E153FC /* Project object */;
			proxyType = 1;
			remoteGlobalIDString = 7F7A73C4275F5DAE00E153FC;
			remoteInfo = itunesApp;
		};
		7F7A73E7275F5DB000E153FC /* PBXContainerItemProxy */ = {
			isa = PBXContainerItemProxy;
			containerPortal = 7F7A73BD275F5DAE00E153FC /* Project object */;
			proxyType = 1;
			remoteGlobalIDString = 7F7A73C4275F5DAE00E153FC;
			remoteInfo = itunesApp;
		};
/* End PBXContainerItemProxy section */

/* Begin PBXFileReference section */
		7F7A73C5275F5DAE00E153FC /* itunesApp.app */ = {isa = PBXFileReference; explicitFileType = wrapper.application; includeInIndex = 0; path = itunesApp.app; sourceTree = BUILT_PRODUCTS_DIR; };
		7F7A73C8275F5DAE00E153FC /* AppDelegate.swift */ = {isa = PBXFileReference; lastKnownFileType = sourcecode.swift; path = AppDelegate.swift; sourceTree = "<group>"; };
		7F7A73CA275F5DAE00E153FC /* SceneDelegate.swift */ = {isa = PBXFileReference; lastKnownFileType = sourcecode.swift; path = SceneDelegate.swift; sourceTree = "<group>"; };
		7F7A73D1275F5DB000E153FC /* Assets.xcassets */ = {isa = PBXFileReference; lastKnownFileType = folder.assetcatalog; path = Assets.xcassets; sourceTree = "<group>"; };
		7F7A73D4275F5DB000E153FC /* Base */ = {isa = PBXFileReference; lastKnownFileType = file.storyboard; name = Base; path = Base.lproj/LaunchScreen.storyboard; sourceTree = "<group>"; };
		7F7A73D6275F5DB000E153FC /* Info.plist */ = {isa = PBXFileReference; lastKnownFileType = text.plist.xml; path = Info.plist; sourceTree = "<group>"; };
		7F7A73DB275F5DB000E153FC /* itunesAppTests.xctest */ = {isa = PBXFileReference; explicitFileType = wrapper.cfbundle; includeInIndex = 0; path = itunesAppTests.xctest; sourceTree = BUILT_PRODUCTS_DIR; };
		7F7A73DF275F5DB000E153FC /* itunesAppTests.swift */ = {isa = PBXFileReference; lastKnownFileType = sourcecode.swift; path = itunesAppTests.swift; sourceTree = "<group>"; };
		7F7A73E1275F5DB000E153FC /* Info.plist */ = {isa = PBXFileReference; lastKnownFileType = text.plist.xml; path = Info.plist; sourceTree = "<group>"; };
		7F7A73E6275F5DB000E153FC /* itunesAppUITests.xctest */ = {isa = PBXFileReference; explicitFileType = wrapper.cfbundle; includeInIndex = 0; path = itunesAppUITests.xctest; sourceTree = BUILT_PRODUCTS_DIR; };
		7F7A73EA275F5DB000E153FC /* itunesAppUITests.swift */ = {isa = PBXFileReference; lastKnownFileType = sourcecode.swift; path = itunesAppUITests.swift; sourceTree = "<group>"; };
		7F7A73EC275F5DB000E153FC /* Info.plist */ = {isa = PBXFileReference; lastKnownFileType = text.plist.xml; path = Info.plist; sourceTree = "<group>"; };
		7F7A73FA275F5E5D00E153FC /* Coordinator.swift */ = {isa = PBXFileReference; lastKnownFileType = sourcecode.swift; path = Coordinator.swift; sourceTree = "<group>"; };
		7F7A73FD275F5E8300E153FC /* DependenciesKey.swift */ = {isa = PBXFileReference; lastKnownFileType = sourcecode.swift; path = DependenciesKey.swift; sourceTree = "<group>"; };
		7F7A73FF275F5EA800E153FC /* DependenciesContainer.swift */ = {isa = PBXFileReference; lastKnownFileType = sourcecode.swift; path = DependenciesContainer.swift; sourceTree = "<group>"; };
		7F7A7406275F5F4600E153FC /* HomeInteractor.swift */ = {isa = PBXFileReference; lastKnownFileType = sourcecode.swift; path = HomeInteractor.swift; sourceTree = "<group>"; };
		7F7A7408275F5F6500E153FC /* HomePresenter.swift */ = {isa = PBXFileReference; lastKnownFileType = sourcecode.swift; path = HomePresenter.swift; sourceTree = "<group>"; };
		7F7A740A275F5F9500E153FC /* HomeCoordinator.swift */ = {isa = PBXFileReference; lastKnownFileType = sourcecode.swift; path = HomeCoordinator.swift; sourceTree = "<group>"; };
		7F7A740C275F600300E153FC /* HomeViewController.swift */ = {isa = PBXFileReference; lastKnownFileType = sourcecode.swift; path = HomeViewController.swift; sourceTree = "<group>"; };
		7F7A740D275F600300E153FC /* HomeViewController.xib */ = {isa = PBXFileReference; lastKnownFileType = file.xib; path = HomeViewController.xib; sourceTree = "<group>"; };
		7F7A7411275F73A500E153FC /* AuthorCell.swift */ = {isa = PBXFileReference; lastKnownFileType = sourcecode.swift; path = AuthorCell.swift; sourceTree = "<group>"; };
		7F7A7412275F73A500E153FC /* AuthorCell.xib */ = {isa = PBXFileReference; lastKnownFileType = file.xib; path = AuthorCell.xib; sourceTree = "<group>"; };
		7F7A7416275F752E00E153FC /* ItunesAuthorViewModel.swift */ = {isa = PBXFileReference; lastKnownFileType = sourcecode.swift; path = ItunesAuthorViewModel.swift; sourceTree = "<group>"; };
		7F7A741C275F87FB00E153FC /* BaseCoordinator.swift */ = {isa = PBXFileReference; lastKnownFileType = sourcecode.swift; path = BaseCoordinator.swift; sourceTree = "<group>"; };
		7F7A741E275F881A00E153FC /* BasePresenter.swift */ = {isa = PBXFileReference; lastKnownFileType = sourcecode.swift; path = BasePresenter.swift; sourceTree = "<group>"; };
		7F7A7420275F884100E153FC /* BaseViewController.swift */ = {isa = PBXFileReference; lastKnownFileType = sourcecode.swift; path = BaseViewController.swift; sourceTree = "<group>"; };
		7F7A7421275F884100E153FC /* BaseViewController.xib */ = {isa = PBXFileReference; lastKnownFileType = file.xib; path = BaseViewController.xib; sourceTree = "<group>"; };
/* End PBXFileReference section */

/* Begin PBXFrameworksBuildPhase section */
		7F7A73C2275F5DAE00E153FC /* Frameworks */ = {
			isa = PBXFrameworksBuildPhase;
			buildActionMask = 2147483647;
			files = (
			);
			runOnlyForDeploymentPostprocessing = 0;
		};
		7F7A73D8275F5DB000E153FC /* Frameworks */ = {
			isa = PBXFrameworksBuildPhase;
			buildActionMask = 2147483647;
			files = (
			);
			runOnlyForDeploymentPostprocessing = 0;
		};
		7F7A73E3275F5DB000E153FC /* Frameworks */ = {
			isa = PBXFrameworksBuildPhase;
			buildActionMask = 2147483647;
			files = (
			);
			runOnlyForDeploymentPostprocessing = 0;
		};
/* End PBXFrameworksBuildPhase section */

/* Begin PBXGroup section */
		7F7A73BC275F5DAE00E153FC = {
			isa = PBXGroup;
			children = (
				7F7A73C7275F5DAE00E153FC /* itunesApp */,
				7F7A73DE275F5DB000E153FC /* itunesAppTests */,
				7F7A73E9275F5DB000E153FC /* itunesAppUITests */,
				7F7A73C6275F5DAE00E153FC /* Products */,
			);
			sourceTree = "<group>";
		};
		7F7A73C6275F5DAE00E153FC /* Products */ = {
			isa = PBXGroup;
			children = (
				7F7A73C5275F5DAE00E153FC /* itunesApp.app */,
				7F7A73DB275F5DB000E153FC /* itunesAppTests.xctest */,
				7F7A73E6275F5DB000E153FC /* itunesAppUITests.xctest */,
			);
			name = Products;
			sourceTree = "<group>";
		};
		7F7A73C7275F5DAE00E153FC /* itunesApp */ = {
			isa = PBXGroup;
			children = (
				7F7A73F9275F5E3200E153FC /* Commons */,
				7F7A73F8275F5E2800E153FC /* Modules */,
				7F7A73C8275F5DAE00E153FC /* AppDelegate.swift */,
				7F7A73CA275F5DAE00E153FC /* SceneDelegate.swift */,
				7F7A73D1275F5DB000E153FC /* Assets.xcassets */,
				7F7A73D3275F5DB000E153FC /* LaunchScreen.storyboard */,
				7F7A73D6275F5DB000E153FC /* Info.plist */,
			);
			path = itunesApp;
			sourceTree = "<group>";
		};
		7F7A73DE275F5DB000E153FC /* itunesAppTests */ = {
			isa = PBXGroup;
			children = (
				7F7A73DF275F5DB000E153FC /* itunesAppTests.swift */,
				7F7A73E1275F5DB000E153FC /* Info.plist */,
			);
			path = itunesAppTests;
			sourceTree = "<group>";
		};
		7F7A73E9275F5DB000E153FC /* itunesAppUITests */ = {
			isa = PBXGroup;
			children = (
				7F7A73EA275F5DB000E153FC /* itunesAppUITests.swift */,
				7F7A73EC275F5DB000E153FC /* Info.plist */,
			);
			path = itunesAppUITests;
			sourceTree = "<group>";
		};
		7F7A73F8275F5E2800E153FC /* Modules */ = {
			isa = PBXGroup;
			children = (
				7F7A7418275F87C700E153FC /* Base */,
				7F7A7401275F5EF000E153FC /* Home */,
			);
			path = Modules;
			sourceTree = "<group>";
		};
		7F7A73F9275F5E3200E153FC /* Commons */ = {
			isa = PBXGroup;
			children = (
				7F7A73FC275F5E6700E153FC /* Dependencies */,
				7F7A73FA275F5E5D00E153FC /* Coordinator.swift */,
			);
			path = Commons;
			sourceTree = "<group>";
		};
		7F7A73FC275F5E6700E153FC /* Dependencies */ = {
			isa = PBXGroup;
			children = (
				7F7A73FD275F5E8300E153FC /* DependenciesKey.swift */,
				7F7A73FF275F5EA800E153FC /* DependenciesContainer.swift */,
			);
			path = Dependencies;
			sourceTree = "<group>";
		};
		7F7A7401275F5EF000E153FC /* Home */ = {
			isa = PBXGroup;
			children = (
				7F7A7415275F74C200E153FC /* ViewModels */,
				7F7A7410275F71EF00E153FC /* ViewComponents */,
				7F7A7405275F5F2300E153FC /* Interactor */,
				7F7A7404275F5F1A00E153FC /* View */,
				7F7A7403275F5F1200E153FC /* Presenter */,
				7F7A7402275F5EFD00E153FC /* Coordinator */,
			);
			path = Home;
			sourceTree = "<group>";
		};
		7F7A7402275F5EFD00E153FC /* Coordinator */ = {
			isa = PBXGroup;
			children = (
				7F7A740A275F5F9500E153FC /* HomeCoordinator.swift */,
			);
			path = Coordinator;
			sourceTree = "<group>";
		};
		7F7A7403275F5F1200E153FC /* Presenter */ = {
			isa = PBXGroup;
			children = (
				7F7A7408275F5F6500E153FC /* HomePresenter.swift */,
			);
			path = Presenter;
			sourceTree = "<group>";
		};
		7F7A7404275F5F1A00E153FC /* View */ = {
			isa = PBXGroup;
			children = (
				7F7A740C275F600300E153FC /* HomeViewController.swift */,
				7F7A740D275F600300E153FC /* HomeViewController.xib */,
			);
			path = View;
			sourceTree = "<group>";
		};
		7F7A7405275F5F2300E153FC /* Interactor */ = {
			isa = PBXGroup;
			children = (
				7F7A7406275F5F4600E153FC /* HomeInteractor.swift */,
			);
			path = Interactor;
			sourceTree = "<group>";
		};
		7F7A7410275F71EF00E153FC /* ViewComponents */ = {
			isa = PBXGroup;
			children = (
				7F7A7411275F73A500E153FC /* AuthorCell.swift */,
				7F7A7412275F73A500E153FC /* AuthorCell.xib */,
			);
			path = ViewComponents;
			sourceTree = "<group>";
		};
		7F7A7415275F74C200E153FC /* ViewModels */ = {
			isa = PBXGroup;
			children = (
				7F7A7416275F752E00E153FC /* ItunesAuthorViewModel.swift */,
			);
			path = ViewModels;
			sourceTree = "<group>";
		};
		7F7A7418275F87C700E153FC /* Base */ = {
			isa = PBXGroup;
			children = (
				7F7A741B275F87DE00E153FC /* View */,
				7F7A741A275F87D600E153FC /* Presenter */,
				7F7A7419275F87D000E153FC /* Coordinator */,
			);
			path = Base;
			sourceTree = "<group>";
		};
		7F7A7419275F87D000E153FC /* Coordinator */ = {
			isa = PBXGroup;
			children = (
				7F7A741C275F87FB00E153FC /* BaseCoordinator.swift */,
			);
			path = Coordinator;
			sourceTree = "<group>";
		};
		7F7A741A275F87D600E153FC /* Presenter */ = {
			isa = PBXGroup;
			children = (
				7F7A741E275F881A00E153FC /* BasePresenter.swift */,
			);
			path = Presenter;
			sourceTree = "<group>";
		};
		7F7A741B275F87DE00E153FC /* View */ = {
			isa = PBXGroup;
			children = (
				7F7A7420275F884100E153FC /* BaseViewController.swift */,
				7F7A7421275F884100E153FC /* BaseViewController.xib */,
			);
			path = View;
			sourceTree = "<group>";
		};
/* End PBXGroup section */

/* Begin PBXNativeTarget section */
		7F7A73C4275F5DAE00E153FC /* itunesApp */ = {
			isa = PBXNativeTarget;
			buildConfigurationList = 7F7A73EF275F5DB000E153FC /* Build configuration list for PBXNativeTarget "itunesApp" */;
			buildPhases = (
				7F7A73C1275F5DAE00E153FC /* Sources */,
				7F7A73C2275F5DAE00E153FC /* Frameworks */,
				7F7A73C3275F5DAE00E153FC /* Resources */,
			);
			buildRules = (
			);
			dependencies = (
			);
			name = itunesApp;
			productName = itunesApp;
			productReference = 7F7A73C5275F5DAE00E153FC /* itunesApp.app */;
			productType = "com.apple.product-type.application";
		};
		7F7A73DA275F5DB000E153FC /* itunesAppTests */ = {
			isa = PBXNativeTarget;
			buildConfigurationList = 7F7A73F2275F5DB000E153FC /* Build configuration list for PBXNativeTarget "itunesAppTests" */;
			buildPhases = (
				7F7A73D7275F5DB000E153FC /* Sources */,
				7F7A73D8275F5DB000E153FC /* Frameworks */,
				7F7A73D9275F5DB000E153FC /* Resources */,
			);
			buildRules = (
			);
			dependencies = (
				7F7A73DD275F5DB000E153FC /* PBXTargetDependency */,
			);
			name = itunesAppTests;
			productName = itunesAppTests;
			productReference = 7F7A73DB275F5DB000E153FC /* itunesAppTests.xctest */;
			productType = "com.apple.product-type.bundle.unit-test";
		};
		7F7A73E5275F5DB000E153FC /* itunesAppUITests */ = {
			isa = PBXNativeTarget;
			buildConfigurationList = 7F7A73F5275F5DB000E153FC /* Build configuration list for PBXNativeTarget "itunesAppUITests" */;
			buildPhases = (
				7F7A73E2275F5DB000E153FC /* Sources */,
				7F7A73E3275F5DB000E153FC /* Frameworks */,
				7F7A73E4275F5DB000E153FC /* Resources */,
			);
			buildRules = (
			);
			dependencies = (
				7F7A73E8275F5DB000E153FC /* PBXTargetDependency */,
			);
			name = itunesAppUITests;
			productName = itunesAppUITests;
			productReference = 7F7A73E6275F5DB000E153FC /* itunesAppUITests.xctest */;
			productType = "com.apple.product-type.bundle.ui-testing";
		};
/* End PBXNativeTarget section */

/* Begin PBXProject section */
		7F7A73BD275F5DAE00E153FC /* Project object */ = {
			isa = PBXProject;
			attributes = {
				LastSwiftUpdateCheck = 1250;
				LastUpgradeCheck = 1250;
				TargetAttributes = {
					7F7A73C4275F5DAE00E153FC = {
						CreatedOnToolsVersion = 12.5.1;
					};
					7F7A73DA275F5DB000E153FC = {
						CreatedOnToolsVersion = 12.5.1;
						TestTargetID = 7F7A73C4275F5DAE00E153FC;
					};
					7F7A73E5275F5DB000E153FC = {
						CreatedOnToolsVersion = 12.5.1;
						TestTargetID = 7F7A73C4275F5DAE00E153FC;
					};
				};
			};
			buildConfigurationList = 7F7A73C0275F5DAE00E153FC /* Build configuration list for PBXProject "itunesApp" */;
			compatibilityVersion = "Xcode 9.3";
			developmentRegion = en;
			hasScannedForEncodings = 0;
			knownRegions = (
				en,
				Base,
			);
			mainGroup = 7F7A73BC275F5DAE00E153FC;
			productRefGroup = 7F7A73C6275F5DAE00E153FC /* Products */;
			projectDirPath = "";
			projectRoot = "";
			targets = (
				7F7A73C4275F5DAE00E153FC /* itunesApp */,
				7F7A73DA275F5DB000E153FC /* itunesAppTests */,
				7F7A73E5275F5DB000E153FC /* itunesAppUITests */,
			);
		};
/* End PBXProject section */

/* Begin PBXResourcesBuildPhase section */
		7F7A73C3275F5DAE00E153FC /* Resources */ = {
			isa = PBXResourcesBuildPhase;
			buildActionMask = 2147483647;
			files = (
				7F7A73D5275F5DB000E153FC /* LaunchScreen.storyboard in Resources */,
				7F7A73D2275F5DB000E153FC /* Assets.xcassets in Resources */,
				7F7A7423275F884100E153FC /* BaseViewController.xib in Resources */,
				7F7A7414275F73A500E153FC /* AuthorCell.xib in Resources */,
				7F7A740F275F600300E153FC /* HomeViewController.xib in Resources */,
			);
			runOnlyForDeploymentPostprocessing = 0;
		};
		7F7A73D9275F5DB000E153FC /* Resources */ = {
			isa = PBXResourcesBuildPhase;
			buildActionMask = 2147483647;
			files = (
			);
			runOnlyForDeploymentPostprocessing = 0;
		};
		7F7A73E4275F5DB000E153FC /* Resources */ = {
			isa = PBXResourcesBuildPhase;
			buildActionMask = 2147483647;
			files = (
			);
			runOnlyForDeploymentPostprocessing = 0;
		};
/* End PBXResourcesBuildPhase section */

/* Begin PBXSourcesBuildPhase section */
		7F7A73C1275F5DAE00E153FC /* Sources */ = {
			isa = PBXSourcesBuildPhase;
			buildActionMask = 2147483647;
			files = (
				7F7A73FB275F5E5D00E153FC /* Coordinator.swift in Sources */,
				7F7A73FE275F5E8300E153FC /* DependenciesKey.swift in Sources */,
				7F7A740B275F5F9500E153FC /* HomeCoordinator.swift in Sources */,
				7F7A73C9275F5DAE00E153FC /* AppDelegate.swift in Sources */,
				7F7A740E275F600300E153FC /* HomeViewController.swift in Sources */,
				7F7A7422275F884100E153FC /* BaseViewController.swift in Sources */,
				7F7A7400275F5EA800E153FC /* DependenciesContainer.swift in Sources */,
				7F7A7413275F73A500E153FC /* AuthorCell.swift in Sources */,
				7F7A741D275F87FB00E153FC /* BaseCoordinator.swift in Sources */,
				7F7A741F275F881A00E153FC /* BasePresenter.swift in Sources */,
				7F7A73CB275F5DAE00E153FC /* SceneDelegate.swift in Sources */,
				7F7A7407275F5F4600E153FC /* HomeInteractor.swift in Sources */,
				7F7A7417275F752E00E153FC /* ItunesAuthorViewModel.swift in Sources */,
				7F7A7409275F5F6500E153FC /* HomePresenter.swift in Sources */,
			);
			runOnlyForDeploymentPostprocessing = 0;
		};
		7F7A73D7275F5DB000E153FC /* Sources */ = {
			isa = PBXSourcesBuildPhase;
			buildActionMask = 2147483647;
			files = (
				7F7A73E0275F5DB000E153FC /* itunesAppTests.swift in Sources */,
			);
			runOnlyForDeploymentPostprocessing = 0;
		};
		7F7A73E2275F5DB000E153FC /* Sources */ = {
			isa = PBXSourcesBuildPhase;
			buildActionMask = 2147483647;
			files = (
				7F7A73EB275F5DB000E153FC /* itunesAppUITests.swift in Sources */,
			);
			runOnlyForDeploymentPostprocessing = 0;
		};
/* End PBXSourcesBuildPhase section */

/* Begin PBXTargetDependency section */
		7F7A73DD275F5DB000E153FC /* PBXTargetDependency */ = {
			isa = PBXTargetDependency;
			target = 7F7A73C4275F5DAE00E153FC /* itunesApp */;
			targetProxy = 7F7A73DC275F5DB000E153FC /* PBXContainerItemProxy */;
		};
		7F7A73E8275F5DB000E153FC /* PBXTargetDependency */ = {
			isa = PBXTargetDependency;
			target = 7F7A73C4275F5DAE00E153FC /* itunesApp */;
			targetProxy = 7F7A73E7275F5DB000E153FC /* PBXContainerItemProxy */;
		};
/* End PBXTargetDependency section */

/* Begin PBXVariantGroup section */
		7F7A73D3275F5DB000E153FC /* LaunchScreen.storyboard */ = {
			isa = PBXVariantGroup;
			children = (
				7F7A73D4275F5DB000E153FC /* Base */,
			);
			name = LaunchScreen.storyboard;
			sourceTree = "<group>";
		};
/* End PBXVariantGroup section */

/* Begin XCBuildConfiguration section */
		7F7A73ED275F5DB000E153FC /* Debug */ = {
			isa = XCBuildConfiguration;
			buildSettings = {
				ALWAYS_SEARCH_USER_PATHS = NO;
				CLANG_ANALYZER_NONNULL = YES;
				CLANG_ANALYZER_NUMBER_OBJECT_CONVERSION = YES_AGGRESSIVE;
				CLANG_CXX_LANGUAGE_STANDARD = "gnu++14";
				CLANG_CXX_LIBRARY = "libc++";
				CLANG_ENABLE_MODULES = YES;
				CLANG_ENABLE_OBJC_ARC = YES;
				CLANG_ENABLE_OBJC_WEAK = YES;
				CLANG_WARN_BLOCK_CAPTURE_AUTORELEASING = YES;
				CLANG_WARN_BOOL_CONVERSION = YES;
				CLANG_WARN_COMMA = YES;
				CLANG_WARN_CONSTANT_CONVERSION = YES;
				CLANG_WARN_DEPRECATED_OBJC_IMPLEMENTATIONS = YES;
				CLANG_WARN_DIRECT_OBJC_ISA_USAGE = YES_ERROR;
				CLANG_WARN_DOCUMENTATION_COMMENTS = YES;
				CLANG_WARN_EMPTY_BODY = YES;
				CLANG_WARN_ENUM_CONVERSION = YES;
				CLANG_WARN_INFINITE_RECURSION = YES;
				CLANG_WARN_INT_CONVERSION = YES;
				CLANG_WARN_NON_LITERAL_NULL_CONVERSION = YES;
				CLANG_WARN_OBJC_IMPLICIT_RETAIN_SELF = YES;
				CLANG_WARN_OBJC_LITERAL_CONVERSION = YES;
				CLANG_WARN_OBJC_ROOT_CLASS = YES_ERROR;
				CLANG_WARN_QUOTED_INCLUDE_IN_FRAMEWORK_HEADER = YES;
				CLANG_WARN_RANGE_LOOP_ANALYSIS = YES;
				CLANG_WARN_STRICT_PROTOTYPES = YES;
				CLANG_WARN_SUSPICIOUS_MOVE = YES;
				CLANG_WARN_UNGUARDED_AVAILABILITY = YES_AGGRESSIVE;
				CLANG_WARN_UNREACHABLE_CODE = YES;
				CLANG_WARN__DUPLICATE_METHOD_MATCH = YES;
				COPY_PHASE_STRIP = NO;
				DEBUG_INFORMATION_FORMAT = dwarf;
				ENABLE_STRICT_OBJC_MSGSEND = YES;
				ENABLE_TESTABILITY = YES;
				GCC_C_LANGUAGE_STANDARD = gnu11;
				GCC_DYNAMIC_NO_PIC = NO;
				GCC_NO_COMMON_BLOCKS = YES;
				GCC_OPTIMIZATION_LEVEL = 0;
				GCC_PREPROCESSOR_DEFINITIONS = (
					"DEBUG=1",
					"$(inherited)",
				);
				GCC_WARN_64_TO_32_BIT_CONVERSION = YES;
				GCC_WARN_ABOUT_RETURN_TYPE = YES_ERROR;
				GCC_WARN_UNDECLARED_SELECTOR = YES;
				GCC_WARN_UNINITIALIZED_AUTOS = YES_AGGRESSIVE;
				GCC_WARN_UNUSED_FUNCTION = YES;
				GCC_WARN_UNUSED_VARIABLE = YES;
				IPHONEOS_DEPLOYMENT_TARGET = 14.5;
				MTL_ENABLE_DEBUG_INFO = INCLUDE_SOURCE;
				MTL_FAST_MATH = YES;
				ONLY_ACTIVE_ARCH = YES;
				SDKROOT = iphoneos;
				SWIFT_ACTIVE_COMPILATION_CONDITIONS = DEBUG;
				SWIFT_OPTIMIZATION_LEVEL = "-Onone";
			};
			name = Debug;
		};
		7F7A73EE275F5DB000E153FC /* Release */ = {
			isa = XCBuildConfiguration;
			buildSettings = {
				ALWAYS_SEARCH_USER_PATHS = NO;
				CLANG_ANALYZER_NONNULL = YES;
				CLANG_ANALYZER_NUMBER_OBJECT_CONVERSION = YES_AGGRESSIVE;
				CLANG_CXX_LANGUAGE_STANDARD = "gnu++14";
				CLANG_CXX_LIBRARY = "libc++";
				CLANG_ENABLE_MODULES = YES;
				CLANG_ENABLE_OBJC_ARC = YES;
				CLANG_ENABLE_OBJC_WEAK = YES;
				CLANG_WARN_BLOCK_CAPTURE_AUTORELEASING = YES;
				CLANG_WARN_BOOL_CONVERSION = YES;
				CLANG_WARN_COMMA = YES;
				CLANG_WARN_CONSTANT_CONVERSION = YES;
				CLANG_WARN_DEPRECATED_OBJC_IMPLEMENTATIONS = YES;
				CLANG_WARN_DIRECT_OBJC_ISA_USAGE = YES_ERROR;
				CLANG_WARN_DOCUMENTATION_COMMENTS = YES;
				CLANG_WARN_EMPTY_BODY = YES;
				CLANG_WARN_ENUM_CONVERSION = YES;
				CLANG_WARN_INFINITE_RECURSION = YES;
				CLANG_WARN_INT_CONVERSION = YES;
				CLANG_WARN_NON_LITERAL_NULL_CONVERSION = YES;
				CLANG_WARN_OBJC_IMPLICIT_RETAIN_SELF = YES;
				CLANG_WARN_OBJC_LITERAL_CONVERSION = YES;
				CLANG_WARN_OBJC_ROOT_CLASS = YES_ERROR;
				CLANG_WARN_QUOTED_INCLUDE_IN_FRAMEWORK_HEADER = YES;
				CLANG_WARN_RANGE_LOOP_ANALYSIS = YES;
				CLANG_WARN_STRICT_PROTOTYPES = YES;
				CLANG_WARN_SUSPICIOUS_MOVE = YES;
				CLANG_WARN_UNGUARDED_AVAILABILITY = YES_AGGRESSIVE;
				CLANG_WARN_UNREACHABLE_CODE = YES;
				CLANG_WARN__DUPLICATE_METHOD_MATCH = YES;
				COPY_PHASE_STRIP = NO;
				DEBUG_INFORMATION_FORMAT = "dwarf-with-dsym";
				ENABLE_NS_ASSERTIONS = NO;
				ENABLE_STRICT_OBJC_MSGSEND = YES;
				GCC_C_LANGUAGE_STANDARD = gnu11;
				GCC_NO_COMMON_BLOCKS = YES;
				GCC_WARN_64_TO_32_BIT_CONVERSION = YES;
				GCC_WARN_ABOUT_RETURN_TYPE = YES_ERROR;
				GCC_WARN_UNDECLARED_SELECTOR = YES;
				GCC_WARN_UNINITIALIZED_AUTOS = YES_AGGRESSIVE;
				GCC_WARN_UNUSED_FUNCTION = YES;
				GCC_WARN_UNUSED_VARIABLE = YES;
				IPHONEOS_DEPLOYMENT_TARGET = 14.5;
				MTL_ENABLE_DEBUG_INFO = NO;
				MTL_FAST_MATH = YES;
				SDKROOT = iphoneos;
				SWIFT_COMPILATION_MODE = wholemodule;
				SWIFT_OPTIMIZATION_LEVEL = "-O";
				VALIDATE_PRODUCT = YES;
			};
			name = Release;
		};
		7F7A73F0275F5DB000E153FC /* Debug */ = {
			isa = XCBuildConfiguration;
			buildSettings = {
				ASSETCATALOG_COMPILER_APPICON_NAME = AppIcon;
				ASSETCATALOG_COMPILER_GLOBAL_ACCENT_COLOR_NAME = AccentColor;
				CODE_SIGN_STYLE = Automatic;
				DEVELOPMENT_TEAM = GCFQ42VS8T;
				INFOPLIST_FILE = itunesApp/Info.plist;
				LD_RUNPATH_SEARCH_PATHS = (
					"$(inherited)",
					"@executable_path/Frameworks",
				);
				PRODUCT_BUNDLE_IDENTIFIER = com.prueba.itunesApp;
				PRODUCT_NAME = "$(TARGET_NAME)";
				SWIFT_VERSION = 5.0;
				TARGETED_DEVICE_FAMILY = "1,2";
			};
			name = Debug;
		};
		7F7A73F1275F5DB000E153FC /* Release */ = {
			isa = XCBuildConfiguration;
			buildSettings = {
				ASSETCATALOG_COMPILER_APPICON_NAME = AppIcon;
				ASSETCATALOG_COMPILER_GLOBAL_ACCENT_COLOR_NAME = AccentColor;
				CODE_SIGN_STYLE = Automatic;
				DEVELOPMENT_TEAM = GCFQ42VS8T;
				INFOPLIST_FILE = itunesApp/Info.plist;
				LD_RUNPATH_SEARCH_PATHS = (
					"$(inherited)",
					"@executable_path/Frameworks",
				);
				PRODUCT_BUNDLE_IDENTIFIER = com.prueba.itunesApp;
				PRODUCT_NAME = "$(TARGET_NAME)";
				SWIFT_VERSION = 5.0;
				TARGETED_DEVICE_FAMILY = "1,2";
			};
			name = Release;
		};
		7F7A73F3275F5DB000E153FC /* Debug */ = {
			isa = XCBuildConfiguration;
			buildSettings = {
				ALWAYS_EMBED_SWIFT_STANDARD_LIBRARIES = YES;
				BUNDLE_LOADER = "$(TEST_HOST)";
				CODE_SIGN_STYLE = Automatic;
				DEVELOPMENT_TEAM = GCFQ42VS8T;
				INFOPLIST_FILE = itunesAppTests/Info.plist;
				IPHONEOS_DEPLOYMENT_TARGET = 14.5;
				LD_RUNPATH_SEARCH_PATHS = (
					"$(inherited)",
					"@executable_path/Frameworks",
					"@loader_path/Frameworks",
				);
				PRODUCT_BUNDLE_IDENTIFIER = com.prueba.itunesAppTests;
				PRODUCT_NAME = "$(TARGET_NAME)";
				SWIFT_VERSION = 5.0;
				TARGETED_DEVICE_FAMILY = "1,2";
				TEST_HOST = "$(BUILT_PRODUCTS_DIR)/itunesApp.app/itunesApp";
			};
			name = Debug;
		};
		7F7A73F4275F5DB000E153FC /* Release */ = {
			isa = XCBuildConfiguration;
			buildSettings = {
				ALWAYS_EMBED_SWIFT_STANDARD_LIBRARIES = YES;
				BUNDLE_LOADER = "$(TEST_HOST)";
				CODE_SIGN_STYLE = Automatic;
				DEVELOPMENT_TEAM = GCFQ42VS8T;
				INFOPLIST_FILE = itunesAppTests/Info.plist;
				IPHONEOS_DEPLOYMENT_TARGET = 14.5;
				LD_RUNPATH_SEARCH_PATHS = (
					"$(inherited)",
					"@executable_path/Frameworks",
					"@loader_path/Frameworks",
				);
				PRODUCT_BUNDLE_IDENTIFIER = com.prueba.itunesAppTests;
				PRODUCT_NAME = "$(TARGET_NAME)";
				SWIFT_VERSION = 5.0;
				TARGETED_DEVICE_FAMILY = "1,2";
				TEST_HOST = "$(BUILT_PRODUCTS_DIR)/itunesApp.app/itunesApp";
			};
			name = Release;
		};
		7F7A73F6275F5DB000E153FC /* Debug */ = {
			isa = XCBuildConfiguration;
			buildSettings = {
				ALWAYS_EMBED_SWIFT_STANDARD_LIBRARIES = YES;
				CODE_SIGN_STYLE = Automatic;
				DEVELOPMENT_TEAM = GCFQ42VS8T;
				INFOPLIST_FILE = itunesAppUITests/Info.plist;
				LD_RUNPATH_SEARCH_PATHS = (
					"$(inherited)",
					"@executable_path/Frameworks",
					"@loader_path/Frameworks",
				);
				PRODUCT_BUNDLE_IDENTIFIER = com.prueba.itunesAppUITests;
				PRODUCT_NAME = "$(TARGET_NAME)";
				SWIFT_VERSION = 5.0;
				TARGETED_DEVICE_FAMILY = "1,2";
				TEST_TARGET_NAME = itunesApp;
			};
			name = Debug;
		};
		7F7A73F7275F5DB000E153FC /* Release */ = {
			isa = XCBuildConfiguration;
			buildSettings = {
				ALWAYS_EMBED_SWIFT_STANDARD_LIBRARIES = YES;
				CODE_SIGN_STYLE = Automatic;
				DEVELOPMENT_TEAM = GCFQ42VS8T;
				INFOPLIST_FILE = itunesAppUITests/Info.plist;
				LD_RUNPATH_SEARCH_PATHS = (
					"$(inherited)",
					"@executable_path/Frameworks",
					"@loader_path/Frameworks",
				);
				PRODUCT_BUNDLE_IDENTIFIER = com.prueba.itunesAppUITests;
				PRODUCT_NAME = "$(TARGET_NAME)";
				SWIFT_VERSION = 5.0;
				TARGETED_DEVICE_FAMILY = "1,2";
				TEST_TARGET_NAME = itunesApp;
			};
			name = Release;
		};
/* End XCBuildConfiguration section */

/* Begin XCConfigurationList section */
		7F7A73C0275F5DAE00E153FC /* Build configuration list for PBXProject "itunesApp" */ = {
			isa = XCConfigurationList;
			buildConfigurations = (
				7F7A73ED275F5DB000E153FC /* Debug */,
				7F7A73EE275F5DB000E153FC /* Release */,
			);
			defaultConfigurationIsVisible = 0;
			defaultConfigurationName = Release;
		};
		7F7A73EF275F5DB000E153FC /* Build configuration list for PBXNativeTarget "itunesApp" */ = {
			isa = XCConfigurationList;
			buildConfigurations = (
				7F7A73F0275F5DB000E153FC /* Debug */,
				7F7A73F1275F5DB000E153FC /* Release */,
			);
			defaultConfigurationIsVisible = 0;
			defaultConfigurationName = Release;
		};
		7F7A73F2275F5DB000E153FC /* Build configuration list for PBXNativeTarget "itunesAppTests" */ = {
			isa = XCConfigurationList;
			buildConfigurations = (
				7F7A73F3275F5DB000E153FC /* Debug */,
				7F7A73F4275F5DB000E153FC /* Release */,
			);
			defaultConfigurationIsVisible = 0;
			defaultConfigurationName = Release;
		};
		7F7A73F5275F5DB000E153FC /* Build configuration list for PBXNativeTarget "itunesAppUITests" */ = {
			isa = XCConfigurationList;
			buildConfigurations = (
				7F7A73F6275F5DB000E153FC /* Debug */,
				7F7A73F7275F5DB000E153FC /* Release */,
			);
			defaultConfigurationIsVisible = 0;
			defaultConfigurationName = Release;
		};
/* End XCConfigurationList section */
	};
	rootObject = 7F7A73BD275F5DAE00E153FC /* Project object */;
}
